// !$*UTF8*$!
{
	archiveVersion = 1;
	classes = {
	};
	objectVersion = 46;
	objects = {

/* Begin PBXBuildFile section */
		F4209DF21CDFDB54004A1F8A /* AppDelegate.swift in Sources */ = {isa = PBXBuildFile; fileRef = F4209DF11CDFDB54004A1F8A /* AppDelegate.swift */; };
		F4209DF41CDFDB54004A1F8A /* CalculatorViewController.swift in Sources */ = {isa = PBXBuildFile; fileRef = F4209DF31CDFDB54004A1F8A /* CalculatorViewController.swift */; };
		F4209DF71CDFDB54004A1F8A /* Main.storyboard in Resources */ = {isa = PBXBuildFile; fileRef = F4209DF51CDFDB54004A1F8A /* Main.storyboard */; };
		F4209DF91CDFDB54004A1F8A /* Assets.xcassets in Resources */ = {isa = PBXBuildFile; fileRef = F4209DF81CDFDB54004A1F8A /* Assets.xcassets */; };
		F4209DFC1CDFDB54004A1F8A /* LaunchScreen.storyboard in Resources */ = {isa = PBXBuildFile; fileRef = F4209DFA1CDFDB54004A1F8A /* LaunchScreen.storyboard */; };
		F459E7471CDFFFB800A63C0F /* CalculatorBrain.swift in Sources */ = {isa = PBXBuildFile; fileRef = F459E7461CDFFFB800A63C0F /* CalculatorBrain.swift */; };
		F45F04541CE27F4200205B7F /* README.md in Sources */ = {isa = PBXBuildFile; fileRef = F45F04531CE27F4200205B7F /* README.md */; };
/* End PBXBuildFile section */

/* Begin PBXFileReference section */
		F4209DEE1CDFDB54004A1F8A /* cs193p Spring 2016 Calculator.app */ = {isa = PBXFileReference; explicitFileType = wrapper.application; includeInIndex = 0; path = "cs193p Spring 2016 Calculator.app"; sourceTree = BUILT_PRODUCTS_DIR; };
		F4209DF11CDFDB54004A1F8A /* AppDelegate.swift */ = {isa = PBXFileReference; lastKnownFileType = sourcecode.swift; path = AppDelegate.swift; sourceTree = "<group>"; };
		F4209DF31CDFDB54004A1F8A /* CalculatorViewController.swift */ = {isa = PBXFileReference; lastKnownFileType = sourcecode.swift; path = CalculatorViewController.swift; sourceTree = "<group>"; };
		F4209DF61CDFDB54004A1F8A /* Base */ = {isa = PBXFileReference; lastKnownFileType = file.storyboard; name = Base; path = Base.lproj/Main.storyboard; sourceTree = "<group>"; };
		F4209DF81CDFDB54004A1F8A /* Assets.xcassets */ = {isa = PBXFileReference; lastKnownFileType = folder.assetcatalog; path = Assets.xcassets; sourceTree = "<group>"; };
		F4209DFB1CDFDB54004A1F8A /* Base */ = {isa = PBXFileReference; lastKnownFileType = file.storyboard; name = Base; path = Base.lproj/LaunchScreen.storyboard; sourceTree = "<group>"; };
		F4209DFD1CDFDB54004A1F8A /* Info.plist */ = {isa = PBXFileReference; lastKnownFileType = text.plist.xml; path = Info.plist; sourceTree = "<group>"; };
		F459E7461CDFFFB800A63C0F /* CalculatorBrain.swift */ = {isa = PBXFileReference; fileEncoding = 4; lastKnownFileType = sourcecode.swift; path = CalculatorBrain.swift; sourceTree = "<group>"; };
		F45F04531CE27F4200205B7F /* README.md */ = {isa = PBXFileReference; fileEncoding = 4; lastKnownFileType = net.daringfireball.markdown; path = README.md; sourceTree = "<group>"; };
/* End PBXFileReference section */

/* Begin PBXFrameworksBuildPhase section */
		F4209DEB1CDFDB54004A1F8A /* Frameworks */ = {
			isa = PBXFrameworksBuildPhase;
			buildActionMask = 2147483647;
			files = (
			);
			runOnlyForDeploymentPostprocessing = 0;
		};
/* End PBXFrameworksBuildPhase section */

/* Begin PBXGroup section */
		F4209DE51CDFDB54004A1F8A = {
			isa = PBXGroup;
			children = (
				F4209DF01CDFDB54004A1F8A /* cs193p Spring 2016 Calculator */,
				F4209DEF1CDFDB54004A1F8A /* Products */,
			);
			sourceTree = "<group>";
		};
		F4209DEF1CDFDB54004A1F8A /* Products */ = {
			isa = PBXGroup;
			children = (
				F4209DEE1CDFDB54004A1F8A /* cs193p Spring 2016 Calculator.app */,
			);
			name = Products;
			sourceTree = "<group>";
		};
		F4209DF01CDFDB54004A1F8A /* cs193p Spring 2016 Calculator */ = {
			isa = PBXGroup;
			children = (
				F4209DF31CDFDB54004A1F8A /* CalculatorViewController.swift */,
				F459E7461CDFFFB800A63C0F /* CalculatorBrain.swift */,
				F4209DF51CDFDB54004A1F8A /* Main.storyboard */,
				F4209E031CDFDC11004A1F8A /* Supporting Files */,
			);
			path = "cs193p Spring 2016 Calculator";
			sourceTree = "<group>";
		};
		F4209E031CDFDC11004A1F8A /* Supporting Files */ = {
			isa = PBXGroup;
			children = (
				F45F04531CE27F4200205B7F /* README.md */,
				F4209DF11CDFDB54004A1F8A /* AppDelegate.swift */,
				F4209DF81CDFDB54004A1F8A /* Assets.xcassets */,
				F4209DFA1CDFDB54004A1F8A /* LaunchScreen.storyboard */,
				F4209DFD1CDFDB54004A1F8A /* Info.plist */,
			);
			name = "Supporting Files";
			sourceTree = "<group>";
		};
/* End PBXGroup section */

/* Begin PBXNativeTarget section */
		F4209DED1CDFDB54004A1F8A /* cs193p Spring 2016 Calculator */ = {
			isa = PBXNativeTarget;
			buildConfigurationList = F4209E001CDFDB54004A1F8A /* Build configuration list for PBXNativeTarget "cs193p Spring 2016 Calculator" */;
			buildPhases = (
				F4209DEA1CDFDB54004A1F8A /* Sources */,
				F4209DEB1CDFDB54004A1F8A /* Frameworks */,
				F4209DEC1CDFDB54004A1F8A /* Resources */,
			);
			buildRules = (
			);
			dependencies = (
			);
			name = "cs193p Spring 2016 Calculator";
			productName = "cs193p Spring 2016 Calculator";
			productReference = F4209DEE1CDFDB54004A1F8A /* cs193p Spring 2016 Calculator.app */;
			productType = "com.apple.product-type.application";
		};
/* End PBXNativeTarget section */

/* Begin PBXProject section */
		F4209DE61CDFDB54004A1F8A /* Project object */ = {
			isa = PBXProject;
			attributes = {
				LastSwiftUpdateCheck = 0730;
				LastUpgradeCheck = 0730;
				ORGANIZATIONNAME = student.com;
				TargetAttributes = {
					F4209DED1CDFDB54004A1F8A = {
						CreatedOnToolsVersion = 7.3.1;
					};
				};
			};
			buildConfigurationList = F4209DE91CDFDB54004A1F8A /* Build configuration list for PBXProject "cs193p Spring 2016 Calculator" */;
			compatibilityVersion = "Xcode 3.2";
			developmentRegion = English;
			hasScannedForEncodings = 0;
			knownRegions = (
				en,
				Base,
			);
			mainGroup = F4209DE51CDFDB54004A1F8A;
			productRefGroup = F4209DEF1CDFDB54004A1F8A /* Products */;
			projectDirPath = "";
			projectRoot = "";
			targets = (
				F4209DED1CDFDB54004A1F8A /* cs193p Spring 2016 Calculator */,
			);
		};
/* End PBXProject section */

/* Begin PBXResourcesBuildPhase section */
		F4209DEC1CDFDB54004A1F8A /* Resources */ = {
			isa = PBXResourcesBuildPhase;
			buildActionMask = 2147483647;
			files = (
				F4209DFC1CDFDB54004A1F8A /* LaunchScreen.storyboard in Resources */,
				F4209DF91CDFDB54004A1F8A /* Assets.xcassets in Resources */,
				F4209DF71CDFDB54004A1F8A /* Main.storyboard in Resources */,
			);
			runOnlyForDeploymentPostprocessing = 0;
		};
/* End PBXResourcesBuildPhase section */

/* Begin PBXSourcesBuildPhase section */
		F4209DEA1CDFDB54004A1F8A /* Sources */ = {
			isa = PBXSourcesBuildPhase;
			buildActionMask = 2147483647;
			files = (
				F459E7471CDFFFB800A63C0F /* CalculatorBrain.swift in Sources */,
				F4209DF41CDFDB54004A1F8A /* CalculatorViewController.swift in Sources */,
				F45F04541CE27F4200205B7F /* README.md in Sources */,
				F4209DF21CDFDB54004A1F8A /* AppDelegate.swift in Sources */,
			);
			runOnlyForDeploymentPostprocessing = 0;
		};
/* End PBXSourcesBuildPhase section */

/* Begin PBXVariantGroup section */
		F4209DF51CDFDB54004A1F8A /* Main.storyboard */ = {
			isa = PBXVariantGroup;
			children = (
				F4209DF61CDFDB54004A1F8A /* Base */,
			);
			name = Main.storyboard;
			sourceTree = "<group>";
		};
		F4209DFA1CDFDB54004A1F8A /* LaunchScreen.storyboard */ = {
			isa = PBXVariantGroup;
			children = (
				F4209DFB1CDFDB54004A1F8A /* Base */,
			);
			name = LaunchScreen.storyboard;
			sourceTree = "<group>";
		};
/* End PBXVariantGroup section */

/* Begin XCBuildConfiguration section */
		F4209DFE1CDFDB54004A1F8A /* Debug */ = {
			isa = XCBuildConfiguration;
			buildSettings = {
				ALWAYS_SEARCH_USER_PATHS = NO;
				CLANG_ANALYZER_NONNULL = YES;
				CLANG_CXX_LANGUAGE_STANDARD = "gnu++0x";
				CLANG_CXX_LIBRARY = "libc++";
				CLANG_ENABLE_MODULES = YES;
				CLANG_ENABLE_OBJC_ARC = YES;
				CLANG_WARN_BOOL_CONVERSION = YES;
				CLANG_WARN_CONSTANT_CONVERSION = YES;
				CLANG_WARN_DIRECT_OBJC_ISA_USAGE = YES_ERROR;
				CLANG_WARN_EMPTY_BODY = YES;
				CLANG_WARN_ENUM_CONVERSION = YES;
				CLANG_WARN_INT_CONVERSION = YES;
				CLANG_WARN_OBJC_ROOT_CLASS = YES_ERROR;
				CLANG_WARN_UNREACHABLE_CODE = YES;
				CLANG_WARN__DUPLICATE_METHOD_MATCH = YES;
				"CODE_SIGN_IDENTITY[sdk=iphoneos*]" = "iPhone Developer";
				COPY_PHASE_STRIP = NO;
				DEBUG_INFORMATION_FORMAT = dwarf;
				ENABLE_STRICT_OBJC_MSGSEND = YES;
				ENABLE_TESTABILITY = YES;
				GCC_C_LANGUAGE_STANDARD = gnu99;
				GCC_DYNAMIC_NO_PIC = NO;
				GCC_NO_COMMON_BLOCKS = YES;
				GCC_OPTIMIZATION_LEVEL = 0;
				GCC_PREPROCESSOR_DEFINITIONS = (
					"DEBUG=1",
					"$(inherited)",
				);
				GCC_WARN_64_TO_32_BIT_CONVERSION = YES;
				GCC_WARN_ABOUT_RETURN_TYPE = YES_ERROR;
				GCC_WARN_UNDECLARED_SELECTOR = YES;
				GCC_WARN_UNINITIALIZED_AUTOS = YES_AGGRESSIVE;
				GCC_WARN_UNUSED_FUNCTION = YES;
				GCC_WARN_UNUSED_VARIABLE = YES;
				IPHONEOS_DEPLOYMENT_TARGET = 9.3;
				MTL_ENABLE_DEBUG_INFO = YES;
				ONLY_ACTIVE_ARCH = YES;
				SDKROOT = iphoneos;
				SWIFT_OPTIMIZATION_LEVEL = "-Onone";
				TARGETED_DEVICE_FAMILY = "1,2";
			};
			name = Debug;
		};
		F4209DFF1CDFDB54004A1F8A /* Release */ = {
			isa = XCBuildConfiguration;
			buildSettings = {
				ALWAYS_SEARCH_USER_PATHS = NO;
				CLANG_ANALYZER_NONNULL = YES;
				CLANG_CXX_LANGUAGE_STANDARD = "gnu++0x";
				CLANG_CXX_LIBRARY = "libc++";
				CLANG_ENABLE_MODULES = YES;
				CLANG_ENABLE_OBJC_ARC = YES;
				CLANG_WARN_BOOL_CONVERSION = YES;
				CLANG_WARN_CONSTANT_CONVERSION = YES;
				CLANG_WARN_DIRECT_OBJC_ISA_USAGE = YES_ERROR;
				CLANG_WARN_EMPTY_BODY = YES;
				CLANG_WARN_ENUM_CONVERSION = YES;
				CLANG_WARN_INT_CONVERSION = YES;
				CLANG_WARN_OBJC_ROOT_CLASS = YES_ERROR;
				CLANG_WARN_UNREACHABLE_CODE = YES;
				CLANG_WARN__DUPLICATE_METHOD_MATCH = YES;
				"CODE_SIGN_IDENTITY[sdk=iphoneos*]" = "iPhone Developer";
				COPY_PHASE_STRIP = NO;
				DEBUG_INFORMATION_FORMAT = "dwarf-with-dsym";
				ENABLE_NS_ASSERTIONS = NO;
				ENABLE_STRICT_OBJC_MSGSEND = YES;
				GCC_C_LANGUAGE_STANDARD = gnu99;
				GCC_NO_COMMON_BLOCKS = YES;
				GCC_WARN_64_TO_32_BIT_CONVERSION = YES;
				GCC_WARN_ABOUT_RETURN_TYPE = YES_ERROR;
				GCC_WARN_UNDECLARED_SELECTOR = YES;
				GCC_WARN_UNINITIALIZED_AUTOS = YES_AGGRESSIVE;
				GCC_WARN_UNUSED_FUNCTION = YES;
				GCC_WARN_UNUSED_VARIABLE = YES;
				IPHONEOS_DEPLOYMENT_TARGET = 9.3;
				MTL_ENABLE_DEBUG_INFO = NO;
				SDKROOT = iphoneos;
				TARGETED_DEVICE_FAMILY = "1,2";
				VALIDATE_PRODUCT = YES;
			};
			name = Release;
		};
		F4209E011CDFDB54004A1F8A /* Debug */ = {
			isa = XCBuildConfiguration;
			buildSettings = {
				ASSETCATALOG_COMPILER_APPICON_NAME = AppIcon;
				CODE_SIGN_IDENTITY = "iPhone Developer";
				INFOPLIST_FILE = "cs193p Spring 2016 Calculator/Info.plist";
				LD_RUNPATH_SEARCH_PATHS = "$(inherited) @executable_path/Frameworks";
				PRODUCT_BUNDLE_IDENTIFIER = "com.student.cs193p-Spring-2016-Calculator";
				PRODUCT_NAME = "$(TARGET_NAME)";
			};
			name = Debug;
		};
		F4209E021CDFDB54004A1F8A /* Release */ = {
			isa = XCBuildConfiguration;
			buildSettings = {
				ASSETCATALOG_COMPILER_APPICON_NAME = AppIcon;
				CODE_SIGN_IDENTITY = "iPhone Developer";
				INFOPLIST_FILE = "cs193p Spring 2016 Calculator/Info.plist";
				LD_RUNPATH_SEARCH_PATHS = "$(inherited) @executable_path/Frameworks";
				PRODUCT_BUNDLE_IDENTIFIER = "com.student.cs193p-Spring-2016-Calculator";
				PRODUCT_NAME = "$(TARGET_NAME)";
			};
			name = Release;
		};
/* End XCBuildConfiguration section */

/* Begin XCConfigurationList section */
		F4209DE91CDFDB54004A1F8A /* Build configuration list for PBXProject "cs193p Spring 2016 Calculator" */ = {
			isa = XCConfigurationList;
			buildConfigurations = (
				F4209DFE1CDFDB54004A1F8A /* Debug */,
				F4209DFF1CDFDB54004A1F8A /* Release */,
			);
			defaultConfigurationIsVisible = 0;
			defaultConfigurationName = Release;
		};
		F4209E001CDFDB54004A1F8A /* Build configuration list for PBXNativeTarget "cs193p Spring 2016 Calculator" */ = {
			isa = XCConfigurationList;
			buildConfigurations = (
				F4209E011CDFDB54004A1F8A /* Debug */,
				F4209E021CDFDB54004A1F8A /* Release */,
			);
			defaultConfigurationIsVisible = 0;
			defaultConfigurationName = Release;
		};
/* End XCConfigurationList section */
	};
	rootObject = F4209DE61CDFDB54004A1F8A /* Project object */;
}
